
Microsoft Visual Studio Solution File, Format Version 12.00
# Visual Studio 14
VisualStudioVersion = 14.0.23107.0
MinimumVisualStudioVersion = 10.0.40219.1
Project("{8BC9CEB8-8B4A-11D0-8D11-00A0C91BC942}") = "svchost", "svchost.vcxproj", "{E4985B95-3E85-4C91-9544-E846D6054A00}"
EndProject
Global
	GlobalSection(SolutionConfigurationPlatforms) = preSolution
		Dll|x86 = Dll|x86
		Release|x86 = Release|x86
		Template|x86 = Template|x86
	EndGlobalSection
	GlobalSection(ProjectConfigurationPlatforms) = postSolution
		{E4985B95-3E85-4C91-9544-E846D6054A00}.Dll|x86.ActiveCfg = Dll|Win32
		{E4985B95-3E85-4C91-9544-E846D6054A00}.Dll|x86.Build.0 = Dll|Win32
		{E4985B95-3E85-4C91-9544-E846D6054A00}.Release|x86.ActiveCfg = Release|Win32
		{E4985B95-3E85-4C91-9544-E846D6054A00}.Release|x86.Build.0 = Release|Win32
		{E4985B95-3E85-4C91-9544-E846D6054A00}.Template|x86.ActiveCfg = Template|Win32
		{E4985B95-3E85-4C91-9544-E846D6054A00}.Template|x86.Build.0 = Template|Win32
	EndGlobalSection
	GlobalSection(SolutionProperties) = preSolution
		HideSolutionNode = FALSE
	EndGlobalSection
EndGlobal
