<?xml version="1.0" encoding="utf-8"?>
<Project ToolsVersion="4.0" xmlns="http://schemas.microsoft.com/developer/msbuild/2003">
  <ItemGroup>
    <Filter Include="Source Files">
      <UniqueIdentifier>{67ac699d-fe4c-48b4-878a-89cb1afd411e}</UniqueIdentifier>
      <Extensions>cpp;c;cxx;rc;def;r;odl;idl;hpj;bat</Extensions>
    </Filter>
    <Filter Include="Header Files">
      <UniqueIdentifier>{02facaaf-32c2-4045-bc91-ac3207d738de}</UniqueIdentifier>
      <Extensions>h;hpp;hxx;hm;inl</Extensions>
    </Filter>
    <Filter Include="Resource Files">
      <UniqueIdentifier>{c16605fb-924c-4bb2-8c34-bf63abbefdeb}</UniqueIdentifier>
      <Extensions>ico;cur;bmp;dlg;rc2;rct;bin;rgs;gif;jpg;jpeg;jpe</Extensions>
    </Filter>
  </ItemGroup>
  <ItemGroup>
    <ClCompile Include="..\Seu_lib\Command.cpp">
      <Filter>Source Files</Filter>
    </ClCompile>
    <ClCompile Include="..\Seu_lib\DosShell.cpp">
      <Filter>Source Files</Filter>
    </ClCompile>
    <ClCompile Include="..\Seu_lib\FileOperator.cpp">
      <Filter>Source Files</Filter>
    </ClCompile>
    <ClCompile Include="..\Seu_lib\Functions.cpp">
      <Filter>Source Files</Filter>
    </ClCompile>
    <ClCompile Include="..\Seu_lib\Process.cpp">
      <Filter>Source Files</Filter>
    </ClCompile>
    <ClCompile Include="StdAfx.cpp">
      <Filter>Source Files</Filter>
    </ClCompile>
    <ClCompile Include="svchost.cpp">
      <Filter>Source Files</Filter>
    </ClCompile>
    <ClCompile Include="..\Seu_lib\SystemInfo.cpp">
      <Filter>Source Files</Filter>
    </ClCompile>
    <ClCompile Include="..\Seu_lib\VideoCap.cpp">
      <Filter>Source Files</Filter>
    </ClCompile>
    <ClCompile Include="..\Seu_lib\XScreenXor.cpp">
      <Filter>Source Files</Filter>
    </ClCompile>
  </ItemGroup>
  <ItemGroup>
    <ResourceCompile Include="svchost.rc">
      <Filter>Source Files</Filter>
    </ResourceCompile>
  </ItemGroup>
  <ItemGroup>
    <ClInclude Include="..\Seu_lib\Command.h">
      <Filter>Header Files</Filter>
    </ClInclude>
    <ClInclude Include="..\Seu_lib\DosShell.h">
      <Filter>Header Files</Filter>
    </ClInclude>
    <ClInclude Include="..\Seu_lib\FileOperator.h">
      <Filter>Header Files</Filter>
    </ClInclude>
    <ClInclude Include="..\Seu_lib\Functions.h">
      <Filter>Header Files</Filter>
    </ClInclude>
    <ClInclude Include="..\Seu_lib\Process.h">
      <Filter>Header Files</Filter>
    </ClInclude>
    <ClInclude Include="StdAfx.h">
      <Filter>Header Files</Filter>
    </ClInclude>
    <ClInclude Include="svchost.h">
      <Filter>Header Files</Filter>
    </ClInclude>
    <ClInclude Include="..\Seu_lib\SystemInfo.h">
      <Filter>Header Files</Filter>
    </ClInclude>
    <ClInclude Include="..\Seu_lib\VideoCap.h">
      <Filter>Header Files</Filter>
    </ClInclude>
    <ClInclude Include="..\Seu_lib\XScreenXor.h">
      <Filter>Header Files</Filter>
    </ClInclude>
  </ItemGroup>
  <ItemGroup>
    <CustomBuild Include="ReadMe.txt" />
  </ItemGroup>
</Project>